
Microsoft Visual Studio Solution File, Format Version 12.00
# Visual Studio Version 17
VisualStudioVersion = 17.10.34916.146
MinimumVisualStudioVersion = 10.0.40219.1
Project("{FAE04EC0-301F-11D3-BF4B-00C04F79EFBC}") = "WebAppMVC16Nov2024", "WebAppMVC16Nov2024\WebAppMVC16Nov2024.csproj", "{E0540A3D-94F8-4FFE-978F-61AF6A851AA8}"
EndProject
Global
	GlobalSection(SolutionConfigurationPlatforms) = preSolution
		Debug|Any CPU = Debug|Any CPU
		Release|Any CPU = Release|Any CPU
	EndGlobalSection
	GlobalSection(ProjectConfigurationPlatforms) = postSolution
		{E0540A3D-94F8-4FFE-978F-61AF6A851AA8}.Debug|Any CPU.ActiveCfg = Debug|Any CPU
		{E0540A3D-94F8-4FFE-978F-61AF6A851AA8}.Debug|Any CPU.Build.0 = Debug|Any CPU
		{E0540A3D-94F8-4FFE-978F-61AF6A851AA8}.Release|Any CPU.ActiveCfg = Release|Any CPU
		{E0540A3D-94F8-4FFE-978F-61AF6A851AA8}.Release|Any CPU.Build.0 = Release|Any CPU
	EndGlobalSection
	GlobalSection(SolutionProperties) = preSolution
		HideSolutionNode = FALSE
	EndGlobalSection
	GlobalSection(ExtensibilityGlobals) = postSolution
		SolutionGuid = {EE177EEA-8C29-4825-865E-34F4E37EDDC7}
	EndGlobalSection
EndGlobal
